
Microsoft Visual Studio Solution File, Format Version 12.00
# Visual Studio 15
VisualStudioVersion = 15.0.28010.2050
MinimumVisualStudioVersion = 10.0.40219.1
Project("{FAE04EC0-301F-11D3-BF4B-00C04F79EFBC}") = "DataAccess", "DataAccess\DataAccess.csproj", "{A1DD3209-E18E-4637-8C10-FCB02D28F8C7}"
EndProject
Project("{FAE04EC0-301F-11D3-BF4B-00C04F79EFBC}") = "Review-Loops-Collections-Classes", "Review-Loops-Collections-Classes\Review-Loops-Collections-Classes.csproj", "{6D4643F9-B9A5-4549-A52B-8A144A8D6916}"
EndProject
Project("{FAE04EC0-301F-11D3-BF4B-00C04F79EFBC}") = "WPFexample", "WPFexample\WPFexample.csproj", "{547F45FA-B46C-4C2E-8ECB-4F5C1B02B5F4}"
EndProject
Project("{FAE04EC0-301F-11D3-BF4B-00C04F79EFBC}") = "Homework2", "Homework2\Homework2.csproj", "{555FB07A-3C06-43FD-A546-BE14CCA18708}"
EndProject
Project("{FAE04EC0-301F-11D3-BF4B-00C04F79EFBC}") = "WPF_FileProcessing", "WPF_FileProcessing\WPF_FileProcessing.csproj", "{BDB3BC6F-B973-4DFE-A822-C278E7EB4FF6}"
EndProject
Project("{FAE04EC0-301F-11D3-BF4B-00C04F79EFBC}") = "WPF_JSON_RickAndMorty", "WPF_JSON_RickAndMorty\WPF_JSON_RickAndMorty.csproj", "{7B37E44E-610F-43E2-A01B-07BB6F9E5011}"
EndProject
Global
	GlobalSection(SolutionConfigurationPlatforms) = preSolution
		Debug|Any CPU = Debug|Any CPU
		Release|Any CPU = Release|Any CPU
	EndGlobalSection
	GlobalSection(ProjectConfigurationPlatforms) = postSolution
		{A1DD3209-E18E-4637-8C10-FCB02D28F8C7}.Debug|Any CPU.ActiveCfg = Debug|Any CPU
		{A1DD3209-E18E-4637-8C10-FCB02D28F8C7}.Debug|Any CPU.Build.0 = Debug|Any CPU
		{A1DD3209-E18E-4637-8C10-FCB02D28F8C7}.Release|Any CPU.ActiveCfg = Release|Any CPU
		{A1DD3209-E18E-4637-8C10-FCB02D28F8C7}.Release|Any CPU.Build.0 = Release|Any CPU
		{6D4643F9-B9A5-4549-A52B-8A144A8D6916}.Debug|Any CPU.ActiveCfg = Debug|Any CPU
		{6D4643F9-B9A5-4549-A52B-8A144A8D6916}.Debug|Any CPU.Build.0 = Debug|Any CPU
		{6D4643F9-B9A5-4549-A52B-8A144A8D6916}.Release|Any CPU.ActiveCfg = Release|Any CPU
		{6D4643F9-B9A5-4549-A52B-8A144A8D6916}.Release|Any CPU.Build.0 = Release|Any CPU
		{547F45FA-B46C-4C2E-8ECB-4F5C1B02B5F4}.Debug|Any CPU.ActiveCfg = Debug|Any CPU
		{547F45FA-B46C-4C2E-8ECB-4F5C1B02B5F4}.Debug|Any CPU.Build.0 = Debug|Any CPU
		{547F45FA-B46C-4C2E-8ECB-4F5C1B02B5F4}.Release|Any CPU.ActiveCfg = Release|Any CPU
		{547F45FA-B46C-4C2E-8ECB-4F5C1B02B5F4}.Release|Any CPU.Build.0 = Release|Any CPU
		{555FB07A-3C06-43FD-A546-BE14CCA18708}.Debug|Any CPU.ActiveCfg = Debug|Any CPU
		{555FB07A-3C06-43FD-A546-BE14CCA18708}.Debug|Any CPU.Build.0 = Debug|Any CPU
		{555FB07A-3C06-43FD-A546-BE14CCA18708}.Release|Any CPU.ActiveCfg = Release|Any CPU
		{555FB07A-3C06-43FD-A546-BE14CCA18708}.Release|Any CPU.Build.0 = Release|Any CPU
		{BDB3BC6F-B973-4DFE-A822-C278E7EB4FF6}.Debug|Any CPU.ActiveCfg = Debug|Any CPU
		{BDB3BC6F-B973-4DFE-A822-C278E7EB4FF6}.Debug|Any CPU.Build.0 = Debug|Any CPU
		{BDB3BC6F-B973-4DFE-A822-C278E7EB4FF6}.Release|Any CPU.ActiveCfg = Release|Any CPU
		{BDB3BC6F-B973-4DFE-A822-C278E7EB4FF6}.Release|Any CPU.Build.0 = Release|Any CPU
		{7B37E44E-610F-43E2-A01B-07BB6F9E5011}.Debug|Any CPU.ActiveCfg = Debug|Any CPU
		{7B37E44E-610F-43E2-A01B-07BB6F9E5011}.Debug|Any CPU.Build.0 = Debug|Any CPU
		{7B37E44E-610F-43E2-A01B-07BB6F9E5011}.Release|Any CPU.ActiveCfg = Release|Any CPU
		{7B37E44E-610F-43E2-A01B-07BB6F9E5011}.Release|Any CPU.Build.0 = Release|Any CPU
	EndGlobalSection
	GlobalSection(SolutionProperties) = preSolution
		HideSolutionNode = FALSE
	EndGlobalSection
	GlobalSection(ExtensibilityGlobals) = postSolution
		SolutionGuid = {8362ECB3-2019-4843-B073-63F24DD546D8}
	EndGlobalSection
EndGlobal
